
Microsoft Visual Studio Solution File, Format Version 12.00
# Visual Studio 15
VisualStudioVersion = 15.0.28010.2019
MinimumVisualStudioVersion = 10.0.40219.1
Project("{FAE04EC0-301F-11D3-BF4B-00C04F79EFBC}") = "IDS.UI.SPA", "IDS.UI.SPA\IDS.UI.SPA.csproj", "{0E1D0A68-C767-4F69-8B79-E620D4D5104C}"
EndProject
Global
	GlobalSection(SolutionConfigurationPlatforms) = preSolution
		Debug|Any CPU = Debug|Any CPU
		Release|Any CPU = Release|Any CPU
	EndGlobalSection
	GlobalSection(ProjectConfigurationPlatforms) = postSolution
		{0E1D0A68-C767-4F69-8B79-E620D4D5104C}.Debug|Any CPU.ActiveCfg = Debug|Any CPU
		{0E1D0A68-C767-4F69-8B79-E620D4D5104C}.Debug|Any CPU.Build.0 = Debug|Any CPU
		{0E1D0A68-C767-4F69-8B79-E620D4D5104C}.Release|Any CPU.ActiveCfg = Release|Any CPU
		{0E1D0A68-C767-4F69-8B79-E620D4D5104C}.Release|Any CPU.Build.0 = Release|Any CPU
	EndGlobalSection
	GlobalSection(SolutionProperties) = preSolution
		HideSolutionNode = FALSE
	EndGlobalSection
	GlobalSection(ExtensibilityGlobals) = postSolution
		SolutionGuid = {BDAC777A-3E00-4142-B439-9F97B27BB9AE}
	EndGlobalSection
EndGlobal
